
Microsoft Visual Studio Solution File, Format Version 12.00
# Visual Studio Version 17
VisualStudioVersion = 17.7.34024.191
MinimumVisualStudioVersion = 10.0.40219.1
Project("{FAE04EC0-301F-11D3-BF4B-00C04F79EFBC}") = "PE8_Q5", "PE8_Q5.csproj", "{6A8C4686-6B7F-4813-BF59-59F6D7D1C2C3}"
EndProject
Global
	GlobalSection(SolutionConfigurationPlatforms) = preSolution
		Debug|Any CPU = Debug|Any CPU
		Release|Any CPU = Release|Any CPU
	EndGlobalSection
	GlobalSection(ProjectConfigurationPlatforms) = postSolution
		{6A8C4686-6B7F-4813-BF59-59F6D7D1C2C3}.Debug|Any CPU.ActiveCfg = Debug|Any CPU
		{6A8C4686-6B7F-4813-BF59-59F6D7D1C2C3}.Debug|Any CPU.Build.0 = Debug|Any CPU
		{6A8C4686-6B7F-4813-BF59-59F6D7D1C2C3}.Release|Any CPU.ActiveCfg = Release|Any CPU
		{6A8C4686-6B7F-4813-BF59-59F6D7D1C2C3}.Release|Any CPU.Build.0 = Release|Any CPU
	EndGlobalSection
	GlobalSection(SolutionProperties) = preSolution
		HideSolutionNode = FALSE
	EndGlobalSection
	GlobalSection(ExtensibilityGlobals) = postSolution
		SolutionGuid = {BBD454EA-799E-423F-ABCA-42435BD91A82}
	EndGlobalSection
EndGlobal
