
Microsoft Visual Studio Solution File, Format Version 12.00
# Visual Studio Version 17
VisualStudioVersion = 17.8.34330.188
MinimumVisualStudioVersion = 10.0.40219.1
Project("{FAE04EC0-301F-11D3-BF4B-00C04F79EFBC}") = "Q2_FinalExam", "Q2_FinalExam.csproj", "{085A4ACC-E8B7-4D00-A595-45FB945FEDE9}"
EndProject
Global
	GlobalSection(SolutionConfigurationPlatforms) = preSolution
		Debug|Any CPU = Debug|Any CPU
		Release|Any CPU = Release|Any CPU
	EndGlobalSection
	GlobalSection(ProjectConfigurationPlatforms) = postSolution
		{085A4ACC-E8B7-4D00-A595-45FB945FEDE9}.Debug|Any CPU.ActiveCfg = Debug|Any CPU
		{085A4ACC-E8B7-4D00-A595-45FB945FEDE9}.Debug|Any CPU.Build.0 = Debug|Any CPU
		{085A4ACC-E8B7-4D00-A595-45FB945FEDE9}.Release|Any CPU.ActiveCfg = Release|Any CPU
		{085A4ACC-E8B7-4D00-A595-45FB945FEDE9}.Release|Any CPU.Build.0 = Release|Any CPU
	EndGlobalSection
	GlobalSection(SolutionProperties) = preSolution
		HideSolutionNode = FALSE
	EndGlobalSection
	GlobalSection(ExtensibilityGlobals) = postSolution
		SolutionGuid = {D7B03C6B-CA25-491F-BEDC-FF113D43F091}
	EndGlobalSection
EndGlobal
