
Microsoft Visual Studio Solution File, Format Version 12.00
# Visual Studio Version 17
VisualStudioVersion = 17.7.34024.191
MinimumVisualStudioVersion = 10.0.40219.1
Project("{FAE04EC0-301F-11D3-BF4B-00C04F79EFBC}") = "Unit1Exam_Q8", "Unit1Exam_Q8.csproj", "{FCE45910-5BE6-4631-8E96-6EAE23024C90}"
EndProject
Global
	GlobalSection(SolutionConfigurationPlatforms) = preSolution
		Debug|Any CPU = Debug|Any CPU
		Release|Any CPU = Release|Any CPU
	EndGlobalSection
	GlobalSection(ProjectConfigurationPlatforms) = postSolution
		{FCE45910-5BE6-4631-8E96-6EAE23024C90}.Debug|Any CPU.ActiveCfg = Debug|Any CPU
		{FCE45910-5BE6-4631-8E96-6EAE23024C90}.Debug|Any CPU.Build.0 = Debug|Any CPU
		{FCE45910-5BE6-4631-8E96-6EAE23024C90}.Release|Any CPU.ActiveCfg = Release|Any CPU
		{FCE45910-5BE6-4631-8E96-6EAE23024C90}.Release|Any CPU.Build.0 = Release|Any CPU
	EndGlobalSection
	GlobalSection(SolutionProperties) = preSolution
		HideSolutionNode = FALSE
	EndGlobalSection
	GlobalSection(ExtensibilityGlobals) = postSolution
		SolutionGuid = {26383735-1F34-4300-9F3C-3AD5C69D45CE}
	EndGlobalSection
EndGlobal
