
Microsoft Visual Studio Solution File, Format Version 12.00
# Visual Studio Version 17
VisualStudioVersion = 17.7.34024.191
MinimumVisualStudioVersion = 10.0.40219.1
Project("{FAE04EC0-301F-11D3-BF4B-00C04F79EFBC}") = "PresidentsApp_U3Exam", "PresidentsApp_U3Exam.csproj", "{0543B01E-25A9-432D-A43B-8E46D0F6A9D5}"
EndProject
Global
	GlobalSection(SolutionConfigurationPlatforms) = preSolution
		Debug|Any CPU = Debug|Any CPU
		Release|Any CPU = Release|Any CPU
	EndGlobalSection
	GlobalSection(ProjectConfigurationPlatforms) = postSolution
		{0543B01E-25A9-432D-A43B-8E46D0F6A9D5}.Debug|Any CPU.ActiveCfg = Debug|Any CPU
		{0543B01E-25A9-432D-A43B-8E46D0F6A9D5}.Debug|Any CPU.Build.0 = Debug|Any CPU
		{0543B01E-25A9-432D-A43B-8E46D0F6A9D5}.Release|Any CPU.ActiveCfg = Release|Any CPU
		{0543B01E-25A9-432D-A43B-8E46D0F6A9D5}.Release|Any CPU.Build.0 = Release|Any CPU
	EndGlobalSection
	GlobalSection(SolutionProperties) = preSolution
		HideSolutionNode = FALSE
	EndGlobalSection
	GlobalSection(ExtensibilityGlobals) = postSolution
		SolutionGuid = {2432E0F9-E700-4C46-BE67-396F8A5013FA}
	EndGlobalSection
EndGlobal
