
Microsoft Visual Studio Solution File, Format Version 12.00
# Visual Studio Version 17
VisualStudioVersion = 17.7.34024.191
MinimumVisualStudioVersion = 10.0.40219.1
Project("{FAE04EC0-301F-11D3-BF4B-00C04F79EFBC}") = "GuessingGame", "GuessingGame.csproj", "{9137D47B-D31A-47E6-9723-BA3B943140BC}"
EndProject
Global
	GlobalSection(SolutionConfigurationPlatforms) = preSolution
		Debug|Any CPU = Debug|Any CPU
		Release|Any CPU = Release|Any CPU
	EndGlobalSection
	GlobalSection(ProjectConfigurationPlatforms) = postSolution
		{9137D47B-D31A-47E6-9723-BA3B943140BC}.Debug|Any CPU.ActiveCfg = Debug|Any CPU
		{9137D47B-D31A-47E6-9723-BA3B943140BC}.Debug|Any CPU.Build.0 = Debug|Any CPU
		{9137D47B-D31A-47E6-9723-BA3B943140BC}.Release|Any CPU.ActiveCfg = Release|Any CPU
		{9137D47B-D31A-47E6-9723-BA3B943140BC}.Release|Any CPU.Build.0 = Release|Any CPU
	EndGlobalSection
	GlobalSection(SolutionProperties) = preSolution
		HideSolutionNode = FALSE
	EndGlobalSection
	GlobalSection(ExtensibilityGlobals) = postSolution
		SolutionGuid = {A92C4EDB-DDC6-4C12-9FDE-686E588765FC}
	EndGlobalSection
EndGlobal
