
Microsoft Visual Studio Solution File, Format Version 12.00
# Visual Studio Version 17
VisualStudioVersion = 17.7.34024.191
MinimumVisualStudioVersion = 10.0.40219.1
Project("{FAE04EC0-301F-11D3-BF4B-00C04F79EFBC}") = "Unit1Exam_Q1", "Unit1Exam_Q1.csproj", "{8D035ED1-3230-45F2-A442-05D76F768A1C}"
EndProject
Global
	GlobalSection(SolutionConfigurationPlatforms) = preSolution
		Debug|Any CPU = Debug|Any CPU
		Release|Any CPU = Release|Any CPU
	EndGlobalSection
	GlobalSection(ProjectConfigurationPlatforms) = postSolution
		{8D035ED1-3230-45F2-A442-05D76F768A1C}.Debug|Any CPU.ActiveCfg = Debug|Any CPU
		{8D035ED1-3230-45F2-A442-05D76F768A1C}.Debug|Any CPU.Build.0 = Debug|Any CPU
		{8D035ED1-3230-45F2-A442-05D76F768A1C}.Release|Any CPU.ActiveCfg = Release|Any CPU
		{8D035ED1-3230-45F2-A442-05D76F768A1C}.Release|Any CPU.Build.0 = Release|Any CPU
	EndGlobalSection
	GlobalSection(SolutionProperties) = preSolution
		HideSolutionNode = FALSE
	EndGlobalSection
	GlobalSection(ExtensibilityGlobals) = postSolution
		SolutionGuid = {3966B1F4-4E3B-47A2-B4EC-0DA20517AFCF}
	EndGlobalSection
EndGlobal
