
Microsoft Visual Studio Solution File, Format Version 12.00
# Visual Studio Version 17
VisualStudioVersion = 17.7.34024.191
MinimumVisualStudioVersion = 10.0.40219.1
Project("{FAE04EC0-301F-11D3-BF4B-00C04F79EFBC}") = "CourseLib", "CourseLib.csproj", "{D57876F6-9347-4E85-A5BD-59811A44F103}"
EndProject
Global
	GlobalSection(SolutionConfigurationPlatforms) = preSolution
		Debug|Any CPU = Debug|Any CPU
		Release|Any CPU = Release|Any CPU
	EndGlobalSection
	GlobalSection(ProjectConfigurationPlatforms) = postSolution
		{D57876F6-9347-4E85-A5BD-59811A44F103}.Debug|Any CPU.ActiveCfg = Debug|Any CPU
		{D57876F6-9347-4E85-A5BD-59811A44F103}.Debug|Any CPU.Build.0 = Debug|Any CPU
		{D57876F6-9347-4E85-A5BD-59811A44F103}.Release|Any CPU.ActiveCfg = Release|Any CPU
		{D57876F6-9347-4E85-A5BD-59811A44F103}.Release|Any CPU.Build.0 = Release|Any CPU
	EndGlobalSection
	GlobalSection(SolutionProperties) = preSolution
		HideSolutionNode = FALSE
	EndGlobalSection
	GlobalSection(ExtensibilityGlobals) = postSolution
		SolutionGuid = {4CCB9333-193E-4502-820D-6E066EEF19C8}
	EndGlobalSection
EndGlobal
