
Microsoft Visual Studio Solution File, Format Version 12.00
# Visual Studio Version 17
VisualStudioVersion = 17.7.34024.191
MinimumVisualStudioVersion = 10.0.40219.1
Project("{FAE04EC0-301F-11D3-BF4B-00C04F79EFBC}") = "PE8_Q8", "PE8_Q8.csproj", "{313FC7BE-A298-46F0-988B-F07427F13B8D}"
EndProject
Global
	GlobalSection(SolutionConfigurationPlatforms) = preSolution
		Debug|Any CPU = Debug|Any CPU
		Release|Any CPU = Release|Any CPU
	EndGlobalSection
	GlobalSection(ProjectConfigurationPlatforms) = postSolution
		{313FC7BE-A298-46F0-988B-F07427F13B8D}.Debug|Any CPU.ActiveCfg = Debug|Any CPU
		{313FC7BE-A298-46F0-988B-F07427F13B8D}.Debug|Any CPU.Build.0 = Debug|Any CPU
		{313FC7BE-A298-46F0-988B-F07427F13B8D}.Release|Any CPU.ActiveCfg = Release|Any CPU
		{313FC7BE-A298-46F0-988B-F07427F13B8D}.Release|Any CPU.Build.0 = Release|Any CPU
	EndGlobalSection
	GlobalSection(SolutionProperties) = preSolution
		HideSolutionNode = FALSE
	EndGlobalSection
	GlobalSection(ExtensibilityGlobals) = postSolution
		SolutionGuid = {4C2D5E55-7F60-4B07-9452-01E8D60C23CB}
	EndGlobalSection
EndGlobal
