
Microsoft Visual Studio Solution File, Format Version 12.00
# Visual Studio Version 17
VisualStudioVersion = 17.8.34330.188
MinimumVisualStudioVersion = 10.0.40219.1
Project("{FAE04EC0-301F-11D3-BF4B-00C04F79EFBC}") = "Q5_FinalExam", "Q5_FinalExam.csproj", "{808D2A29-E1A1-4E02-98D1-69BCAAC841A0}"
EndProject
Global
	GlobalSection(SolutionConfigurationPlatforms) = preSolution
		Debug|Any CPU = Debug|Any CPU
		Release|Any CPU = Release|Any CPU
	EndGlobalSection
	GlobalSection(ProjectConfigurationPlatforms) = postSolution
		{808D2A29-E1A1-4E02-98D1-69BCAAC841A0}.Debug|Any CPU.ActiveCfg = Debug|Any CPU
		{808D2A29-E1A1-4E02-98D1-69BCAAC841A0}.Debug|Any CPU.Build.0 = Debug|Any CPU
		{808D2A29-E1A1-4E02-98D1-69BCAAC841A0}.Release|Any CPU.ActiveCfg = Release|Any CPU
		{808D2A29-E1A1-4E02-98D1-69BCAAC841A0}.Release|Any CPU.Build.0 = Release|Any CPU
	EndGlobalSection
	GlobalSection(SolutionProperties) = preSolution
		HideSolutionNode = FALSE
	EndGlobalSection
	GlobalSection(ExtensibilityGlobals) = postSolution
		SolutionGuid = {F0C9E0E8-90E5-4D35-8118-B7C7B06B0DAA}
	EndGlobalSection
EndGlobal
